// !$*UTF8*$!
{
	archiveVersion = 1;
	classes = {
	};
	objectVersion = 46;
	objects = {

/* Begin PBXBuildFile section */
		AAF9487A19D020B50011ED9F /* AppDelegate.swift in Sources */ = {isa = PBXBuildFile; fileRef = AAF9487919D020B50011ED9F /* AppDelegate.swift */; };
		AAF9487C19D020B50011ED9F /* ViewController.swift in Sources */ = {isa = PBXBuildFile; fileRef = AAF9487B19D020B50011ED9F /* ViewController.swift */; };
		AAF9487F19D020B50011ED9F /* Main.storyboard in Resources */ = {isa = PBXBuildFile; fileRef = AAF9487D19D020B50011ED9F /* Main.storyboard */; };
		AAF9488119D020B50011ED9F /* Images.xcassets in Resources */ = {isa = PBXBuildFile; fileRef = AAF9488019D020B50011ED9F /* Images.xcassets */; };
		AAF9488D19D020B50011ED9F /* portally_iosTests.swift in Sources */ = {isa = PBXBuildFile; fileRef = AAF9488C19D020B50011ED9F /* portally_iosTests.swift */; };
/* End PBXBuildFile section */

/* Begin PBXContainerItemProxy section */
		AAF9488719D020B50011ED9F /* PBXContainerItemProxy */ = {
			isa = PBXContainerItemProxy;
			containerPortal = AAF9486C19D020B50011ED9F /* Project object */;
			proxyType = 1;
			remoteGlobalIDString = AAF9487319D020B50011ED9F;
			remoteInfo = "portally-ios";
		};
/* End PBXContainerItemProxy section */

/* Begin PBXFileReference section */
		AAF9487419D020B50011ED9F /* portally-ios.app */ = {isa = PBXFileReference; explicitFileType = wrapper.application; includeInIndex = 0; path = "portally-ios.app"; sourceTree = BUILT_PRODUCTS_DIR; };
		AAF9487819D020B50011ED9F /* Info.plist */ = {isa = PBXFileReference; lastKnownFileType = text.plist.xml; path = Info.plist; sourceTree = "<group>"; };
		AAF9487919D020B50011ED9F /* AppDelegate.swift */ = {isa = PBXFileReference; lastKnownFileType = sourcecode.swift; path = AppDelegate.swift; sourceTree = "<group>"; };
		AAF9487B19D020B50011ED9F /* ViewController.swift */ = {isa = PBXFileReference; lastKnownFileType = sourcecode.swift; path = ViewController.swift; sourceTree = "<group>"; };
		AAF9487E19D020B50011ED9F /* Base */ = {isa = PBXFileReference; lastKnownFileType = file.storyboard; name = Base; path = Base.lproj/Main.storyboard; sourceTree = "<group>"; };
		AAF9488019D020B50011ED9F /* Images.xcassets */ = {isa = PBXFileReference; lastKnownFileType = folder.assetcatalog; path = Images.xcassets; sourceTree = "<group>"; };
		AAF9488619D020B50011ED9F /* portally-iosTests.xctest */ = {isa = PBXFileReference; explicitFileType = wrapper.cfbundle; includeInIndex = 0; path = "portally-iosTests.xctest"; sourceTree = BUILT_PRODUCTS_DIR; };
		AAF9488B19D020B50011ED9F /* Info.plist */ = {isa = PBXFileReference; lastKnownFileType = text.plist.xml; path = Info.plist; sourceTree = "<group>"; };
		AAF9488C19D020B50011ED9F /* portally_iosTests.swift */ = {isa = PBXFileReference; lastKnownFileType = sourcecode.swift; path = portally_iosTests.swift; sourceTree = "<group>"; };
/* End PBXFileReference section */

/* Begin PBXFrameworksBuildPhase section */
		AAF9487119D020B50011ED9F /* Frameworks */ = {
			isa = PBXFrameworksBuildPhase;
			buildActionMask = 2147483647;
			files = (
			);
			runOnlyForDeploymentPostprocessing = 0;
		};
		AAF9488319D020B50011ED9F /* Frameworks */ = {
			isa = PBXFrameworksBuildPhase;
			buildActionMask = 2147483647;
			files = (
			);
			runOnlyForDeploymentPostprocessing = 0;
		};
/* End PBXFrameworksBuildPhase section */

/* Begin PBXGroup section */
		AAF9486B19D020B50011ED9F = {
			isa = PBXGroup;
			children = (
				AAF9487619D020B50011ED9F /* portally-ios */,
				AAF9488919D020B50011ED9F /* portally-iosTests */,
				AAF9487519D020B50011ED9F /* Products */,
			);
			sourceTree = "<group>";
		};
		AAF9487519D020B50011ED9F /* Products */ = {
			isa = PBXGroup;
			children = (
				AAF9487419D020B50011ED9F /* portally-ios.app */,
				AAF9488619D020B50011ED9F /* portally-iosTests.xctest */,
			);
			name = Products;
			sourceTree = "<group>";
		};
		AAF9487619D020B50011ED9F /* portally-ios */ = {
			isa = PBXGroup;
			children = (
				AAF9487919D020B50011ED9F /* AppDelegate.swift */,
				AAF9487B19D020B50011ED9F /* ViewController.swift */,
				AAF9487D19D020B50011ED9F /* Main.storyboard */,
				AAF9488019D020B50011ED9F /* Images.xcassets */,
				AAF9487719D020B50011ED9F /* Supporting Files */,
			);
			path = "portally-ios";
			sourceTree = "<group>";
		};
		AAF9487719D020B50011ED9F /* Supporting Files */ = {
			isa = PBXGroup;
			children = (
				AAF9487819D020B50011ED9F /* Info.plist */,
			);
			name = "Supporting Files";
			sourceTree = "<group>";
		};
		AAF9488919D020B50011ED9F /* portally-iosTests */ = {
			isa = PBXGroup;
			children = (
				AAF9488C19D020B50011ED9F /* portally_iosTests.swift */,
				AAF9488A19D020B50011ED9F /* Supporting Files */,
			);
			path = "portally-iosTests";
			sourceTree = "<group>";
		};
		AAF9488A19D020B50011ED9F /* Supporting Files */ = {
			isa = PBXGroup;
			children = (
				AAF9488B19D020B50011ED9F /* Info.plist */,
			);
			name = "Supporting Files";
			sourceTree = "<group>";
		};
/* End PBXGroup section */

/* Begin PBXNativeTarget section */
		AAF9487319D020B50011ED9F /* portally-ios */ = {
			isa = PBXNativeTarget;
			buildConfigurationList = AAF9489019D020B50011ED9F /* Build configuration list for PBXNativeTarget "portally-ios" */;
			buildPhases = (
				AAF9487019D020B50011ED9F /* Sources */,
				AAF9487119D020B50011ED9F /* Frameworks */,
				AAF9487219D020B50011ED9F /* Resources */,
			);
			buildRules = (
			);
			dependencies = (
			);
			name = "portally-ios";
			productName = "portally-ios";
			productReference = AAF9487419D020B50011ED9F /* portally-ios.app */;
			productType = "com.apple.product-type.application";
		};
		AAF9488519D020B50011ED9F /* portally-iosTests */ = {
			isa = PBXNativeTarget;
			buildConfigurationList = AAF9489319D020B50011ED9F /* Build configuration list for PBXNativeTarget "portally-iosTests" */;
			buildPhases = (
				AAF9488219D020B50011ED9F /* Sources */,
				AAF9488319D020B50011ED9F /* Frameworks */,
				AAF9488419D020B50011ED9F /* Resources */,
			);
			buildRules = (
			);
			dependencies = (
				AAF9488819D020B50011ED9F /* PBXTargetDependency */,
			);
			name = "portally-iosTests";
			productName = "portally-iosTests";
			productReference = AAF9488619D020B50011ED9F /* portally-iosTests.xctest */;
			productType = "com.apple.product-type.bundle.unit-test";
		};
/* End PBXNativeTarget section */

/* Begin PBXProject section */
		AAF9486C19D020B50011ED9F /* Project object */ = {
			isa = PBXProject;
			attributes = {
				LastUpgradeCheck = 0600;
				ORGANIZATIONNAME = taesiri;
				TargetAttributes = {
					AAF9487319D020B50011ED9F = {
						CreatedOnToolsVersion = 6.0;
					};
					AAF9488519D020B50011ED9F = {
						CreatedOnToolsVersion = 6.0;
						TestTargetID = AAF9487319D020B50011ED9F;
					};
				};
			};
			buildConfigurationList = AAF9486F19D020B50011ED9F /* Build configuration list for PBXProject "portally-ios" */;
			compatibilityVersion = "Xcode 3.2";
			developmentRegion = English;
			hasScannedForEncodings = 0;
			knownRegions = (
				en,
				Base,
			);
			mainGroup = AAF9486B19D020B50011ED9F;
			productRefGroup = AAF9487519D020B50011ED9F /* Products */;
			projectDirPath = "";
			projectRoot = "";
			targets = (
				AAF9487319D020B50011ED9F /* portally-ios */,
				AAF9488519D020B50011ED9F /* portally-iosTests */,
			);
		};
/* End PBXProject section */

/* Begin PBXResourcesBuildPhase section */
		AAF9487219D020B50011ED9F /* Resources */ = {
			isa = PBXResourcesBuildPhase;
			buildActionMask = 2147483647;
			files = (
				AAF9487F19D020B50011ED9F /* Main.storyboard in Resources */,
				AAF9488119D020B50011ED9F /* Images.xcassets in Resources */,
			);
			runOnlyForDeploymentPostprocessing = 0;
		};
		AAF9488419D020B50011ED9F /* Resources */ = {
			isa = PBXResourcesBuildPhase;
			buildActionMask = 2147483647;
			files = (
			);
			runOnlyForDeploymentPostprocessing = 0;
		};
/* End PBXResourcesBuildPhase section */

/* Begin PBXSourcesBuildPhase section */
		AAF9487019D020B50011ED9F /* Sources */ = {
			isa = PBXSourcesBuildPhase;
			buildActionMask = 2147483647;
			files = (
				AAF9487C19D020B50011ED9F /* ViewController.swift in Sources */,
				AAF9487A19D020B50011ED9F /* AppDelegate.swift in Sources */,
			);
			runOnlyForDeploymentPostprocessing = 0;
		};
		AAF9488219D020B50011ED9F /* Sources */ = {
			isa = PBXSourcesBuildPhase;
			buildActionMask = 2147483647;
			files = (
				AAF9488D19D020B50011ED9F /* portally_iosTests.swift in Sources */,
			);
			runOnlyForDeploymentPostprocessing = 0;
		};
/* End PBXSourcesBuildPhase section */

/* Begin PBXTargetDependency section */
		AAF9488819D020B50011ED9F /* PBXTargetDependency */ = {
			isa = PBXTargetDependency;
			target = AAF9487319D020B50011ED9F /* portally-ios */;
			targetProxy = AAF9488719D020B50011ED9F /* PBXContainerItemProxy */;
		};
/* End PBXTargetDependency section */

/* Begin PBXVariantGroup section */
		AAF9487D19D020B50011ED9F /* Main.storyboard */ = {
			isa = PBXVariantGroup;
			children = (
				AAF9487E19D020B50011ED9F /* Base */,
			);
			name = Main.storyboard;
			sourceTree = "<group>";
		};
/* End PBXVariantGroup section */

/* Begin XCBuildConfiguration section */
		AAF9488E19D020B50011ED9F /* Debug */ = {
			isa = XCBuildConfiguration;
			buildSettings = {
				ALWAYS_SEARCH_USER_PATHS = NO;
				CLANG_CXX_LANGUAGE_STANDARD = "gnu++0x";
				CLANG_CXX_LIBRARY = "libc++";
				CLANG_ENABLE_MODULES = YES;
				CLANG_ENABLE_OBJC_ARC = YES;
				CLANG_WARN_BOOL_CONVERSION = YES;
				CLANG_WARN_CONSTANT_CONVERSION = YES;
				CLANG_WARN_DIRECT_OBJC_ISA_USAGE = YES_ERROR;
				CLANG_WARN_EMPTY_BODY = YES;
				CLANG_WARN_ENUM_CONVERSION = YES;
				CLANG_WARN_INT_CONVERSION = YES;
				CLANG_WARN_OBJC_ROOT_CLASS = YES_ERROR;
				CLANG_WARN_UNREACHABLE_CODE = YES;
				CLANG_WARN__DUPLICATE_METHOD_MATCH = YES;
				"CODE_SIGN_IDENTITY[sdk=iphoneos*]" = "iPhone Developer";
				COPY_PHASE_STRIP = NO;
				ENABLE_STRICT_OBJC_MSGSEND = YES;
				GCC_C_LANGUAGE_STANDARD = gnu99;
				GCC_DYNAMIC_NO_PIC = NO;
				GCC_OPTIMIZATION_LEVEL = 0;
				GCC_PREPROCESSOR_DEFINITIONS = (
					"DEBUG=1",
					"$(inherited)",
				);
				GCC_SYMBOLS_PRIVATE_EXTERN = NO;
				GCC_WARN_64_TO_32_BIT_CONVERSION = YES;
				GCC_WARN_ABOUT_RETURN_TYPE = YES_ERROR;
				GCC_WARN_UNDECLARED_SELECTOR = YES;
				GCC_WARN_UNINITIALIZED_AUTOS = YES_AGGRESSIVE;
				GCC_WARN_UNUSED_FUNCTION = YES;
				GCC_WARN_UNUSED_VARIABLE = YES;
				IPHONEOS_DEPLOYMENT_TARGET = 8.0;
				MTL_ENABLE_DEBUG_INFO = YES;
				ONLY_ACTIVE_ARCH = YES;
				SDKROOT = iphoneos;
				SWIFT_OPTIMIZATION_LEVEL = "-Onone";
				TARGETED_DEVICE_FAMILY = "1,2";
			};
			name = Debug;
		};
		AAF9488F19D020B50011ED9F /* Release */ = {
			isa = XCBuildConfiguration;
			buildSettings = {
				ALWAYS_SEARCH_USER_PATHS = NO;
				CLANG_CXX_LANGUAGE_STANDARD = "gnu++0x";
				CLANG_CXX_LIBRARY = "libc++";
				CLANG_ENABLE_MODULES = YES;
				CLANG_ENABLE_OBJC_ARC = YES;
				CLANG_WARN_BOOL_CONVERSION = YES;
				CLANG_WARN_CONSTANT_CONVERSION = YES;
				CLANG_WARN_DIRECT_OBJC_ISA_USAGE = YES_ERROR;
				CLANG_WARN_EMPTY_BODY = YES;
				CLANG_WARN_ENUM_CONVERSION = YES;
				CLANG_WARN_INT_CONVERSION = YES;
				CLANG_WARN_OBJC_ROOT_CLASS = YES_ERROR;
				CLANG_WARN_UNREACHABLE_CODE = YES;
				CLANG_WARN__DUPLICATE_METHOD_MATCH = YES;
				"CODE_SIGN_IDENTITY[sdk=iphoneos*]" = "iPhone Developer";
				COPY_PHASE_STRIP = YES;
				ENABLE_NS_ASSERTIONS = NO;
				ENABLE_STRICT_OBJC_MSGSEND = YES;
				GCC_C_LANGUAGE_STANDARD = gnu99;
				GCC_WARN_64_TO_32_BIT_CONVERSION = YES;
				GCC_WARN_ABOUT_RETURN_TYPE = YES_ERROR;
				GCC_WARN_UNDECLARED_SELECTOR = YES;
				GCC_WARN_UNINITIALIZED_AUTOS = YES_AGGRESSIVE;
				GCC_WARN_UNUSED_FUNCTION = YES;
				GCC_WARN_UNUSED_VARIABLE = YES;
				IPHONEOS_DEPLOYMENT_TARGET = 8.0;
				MTL_ENABLE_DEBUG_INFO = NO;
				SDKROOT = iphoneos;
				TARGETED_DEVICE_FAMILY = "1,2";
				VALIDATE_PRODUCT = YES;
			};
			name = Release;
		};
		AAF9489119D020B50011ED9F /* Debug */ = {
			isa = XCBuildConfiguration;
			buildSettings = {
				ASSETCATALOG_COMPILER_APPICON_NAME = AppIcon;
				ASSETCATALOG_COMPILER_LAUNCHIMAGE_NAME = LaunchImage;
				INFOPLIST_FILE = "portally-ios/Info.plist";
				LD_RUNPATH_SEARCH_PATHS = "$(inherited) @executable_path/Frameworks";
				PRODUCT_NAME = "$(TARGET_NAME)";
			};
			name = Debug;
		};
		AAF9489219D020B50011ED9F /* Release */ = {
			isa = XCBuildConfiguration;
			buildSettings = {
				ASSETCATALOG_COMPILER_APPICON_NAME = AppIcon;
				ASSETCATALOG_COMPILER_LAUNCHIMAGE_NAME = LaunchImage;
				INFOPLIST_FILE = "portally-ios/Info.plist";
				LD_RUNPATH_SEARCH_PATHS = "$(inherited) @executable_path/Frameworks";
				PRODUCT_NAME = "$(TARGET_NAME)";
			};
			name = Release;
		};
		AAF9489419D020B50011ED9F /* Debug */ = {
			isa = XCBuildConfiguration;
			buildSettings = {
				BUNDLE_LOADER = "$(TEST_HOST)";
				FRAMEWORK_SEARCH_PATHS = (
					"$(SDKROOT)/Developer/Library/Frameworks",
					"$(inherited)",
				);
				GCC_PREPROCESSOR_DEFINITIONS = (
					"DEBUG=1",
					"$(inherited)",
				);
				INFOPLIST_FILE = "portally-iosTests/Info.plist";
				LD_RUNPATH_SEARCH_PATHS = "$(inherited) @executable_path/Frameworks @loader_path/Frameworks";
				PRODUCT_NAME = "$(TARGET_NAME)";
				TEST_HOST = "$(BUILT_PRODUCTS_DIR)/portally-ios.app/portally-ios";
			};
			name = Debug;
		};
		AAF9489519D020B50011ED9F /* Release */ = {
			isa = XCBuildConfiguration;
			buildSettings = {
				BUNDLE_LOADER = "$(TEST_HOST)";
				FRAMEWORK_SEARCH_PATHS = (
					"$(SDKROOT)/Developer/Library/Frameworks",
					"$(inherited)",
				);
				INFOPLIST_FILE = "portally-iosTests/Info.plist";
				LD_RUNPATH_SEARCH_PATHS = "$(inherited) @executable_path/Frameworks @loader_path/Frameworks";
				PRODUCT_NAME = "$(TARGET_NAME)";
				TEST_HOST = "$(BUILT_PRODUCTS_DIR)/portally-ios.app/portally-ios";
			};
			name = Release;
		};
/* End XCBuildConfiguration section */

/* Begin XCConfigurationList section */
		AAF9486F19D020B50011ED9F /* Build configuration list for PBXProject "portally-ios" */ = {
			isa = XCConfigurationList;
			buildConfigurations = (
				AAF9488E19D020B50011ED9F /* Debug */,
				AAF9488F19D020B50011ED9F /* Release */,
			);
			defaultConfigurationIsVisible = 0;
			defaultConfigurationName = Release;
		};
		AAF9489019D020B50011ED9F /* Build configuration list for PBXNativeTarget "portally-ios" */ = {
			isa = XCConfigurationList;
			buildConfigurations = (
				AAF9489119D020B50011ED9F /* Debug */,
				AAF9489219D020B50011ED9F /* Release */,
			);
			defaultConfigurationIsVisible = 0;
		};
		AAF9489319D020B50011ED9F /* Build configuration list for PBXNativeTarget "portally-iosTests" */ = {
			isa = XCConfigurationList;
			buildConfigurations = (
				AAF9489419D020B50011ED9F /* Debug */,
				AAF9489519D020B50011ED9F /* Release */,
			);
			defaultConfigurationIsVisible = 0;
		};
/* End XCConfigurationList section */
	};
	rootObject = AAF9486C19D020B50011ED9F /* Project object */;
}
